
Microsoft Visual Studio Solution File, Format Version 12.00
# Visual Studio Version 17
VisualStudioVersion = 17.2.32630.192
MinimumVisualStudioVersion = 10.0.40219.1
Project("{9A19103F-16F7-4668-BE54-9A1E7A4F7556}") = "R5T.F0066.Construction", "R5T.F0066.Construction\R5T.F0066.Construction.csproj", "{3160EC26-B04B-4040-8E4D-59AC259A4E13}"
EndProject
Project("{9A19103F-16F7-4668-BE54-9A1E7A4F7556}") = "R5T.F0066", "R5T.F0066\R5T.F0066.csproj", "{92D07BA8-60CD-4AEB-8D86-B857F97D1228}"
EndProject
Global
	GlobalSection(SolutionConfigurationPlatforms) = preSolution
		Debug|Any CPU = Debug|Any CPU
		Release|Any CPU = Release|Any CPU
	EndGlobalSection
	GlobalSection(ProjectConfigurationPlatforms) = postSolution
		{3160EC26-B04B-4040-8E4D-59AC259A4E13}.Debug|Any CPU.ActiveCfg = Debug|Any CPU
		{3160EC26-B04B-4040-8E4D-59AC259A4E13}.Debug|Any CPU.Build.0 = Debug|Any CPU
		{3160EC26-B04B-4040-8E4D-59AC259A4E13}.Release|Any CPU.ActiveCfg = Release|Any CPU
		{3160EC26-B04B-4040-8E4D-59AC259A4E13}.Release|Any CPU.Build.0 = Release|Any CPU
		{92D07BA8-60CD-4AEB-8D86-B857F97D1228}.Debug|Any CPU.ActiveCfg = Debug|Any CPU
		{92D07BA8-60CD-4AEB-8D86-B857F97D1228}.Debug|Any CPU.Build.0 = Debug|Any CPU
		{92D07BA8-60CD-4AEB-8D86-B857F97D1228}.Release|Any CPU.ActiveCfg = Release|Any CPU
		{92D07BA8-60CD-4AEB-8D86-B857F97D1228}.Release|Any CPU.Build.0 = Release|Any CPU
	EndGlobalSection
	GlobalSection(SolutionProperties) = preSolution
		HideSolutionNode = FALSE
	EndGlobalSection
	GlobalSection(ExtensibilityGlobals) = postSolution
		SolutionGuid = {ED9A4EB4-7FB1-4CAA-99FF-3B8DF3930FE9}
	EndGlobalSection
EndGlobal
