
Microsoft Visual Studio Solution File, Format Version 12.00
# Visual Studio Version 17
VisualStudioVersion = 17.2.32630.192
MinimumVisualStudioVersion = 10.0.40219.1
Project("{9A19103F-16F7-4668-BE54-9A1E7A4F7556}") = "R5T.F0066", "R5T.F0066\R5T.F0066.csproj", "{DA1E2514-BA85-4F5E-BF93-0D89FB3F14C3}"
EndProject
Project("{2150E333-8FDC-42A3-9474-1A3956D46DE8}") = "_Dependencies", "_Dependencies", "{530937F2-C17F-410D-8C7F-2E2B9945DB68}"
EndProject
Project("{9A19103F-16F7-4668-BE54-9A1E7A4F7556}") = "R5T.F0065", "..\..\R5T.F0065\source\R5T.F0065\R5T.F0065.csproj", "{862F22DF-7AB3-4D49-9AC8-742D0058E293}"
EndProject
Project("{9A19103F-16F7-4668-BE54-9A1E7A4F7556}") = "R5T.NG0009", "..\..\R5T.NG0009\source\R5T.NG0009\R5T.NG0009.csproj", "{34CD9C66-8CD9-4026-9DEF-AA324FF00CB9}"
EndProject
Project("{9A19103F-16F7-4668-BE54-9A1E7A4F7556}") = "R5T.T0132", "..\..\R5T.T0132\source\R5T.T0132\R5T.T0132.csproj", "{2194062C-1A40-48BA-B177-03971462418C}"
EndProject
Project("{9A19103F-16F7-4668-BE54-9A1E7A4F7556}") = "R5T.T0143", "..\..\R5T.T0143\source\R5T.T0143\R5T.T0143.csproj", "{78ADB8EE-D706-48EF-8954-BF459FCCCE59}"
EndProject
Project("{9A19103F-16F7-4668-BE54-9A1E7A4F7556}") = "R5T.F0036.F000", "..\..\R5T.F0036\source\R5T.F0036.F000\R5T.F0036.F000.csproj", "{8459C197-3877-4EB8-926F-3346C0A66599}"
EndProject
Project("{9A19103F-16F7-4668-BE54-9A1E7A4F7556}") = "R5T.Z0016", "..\..\R5T.Z0016\source\R5T.Z0016\R5T.Z0016.csproj", "{2E615F9A-2D0C-4F1F-8657-1F6D9A4D790B}"
EndProject
Global
	GlobalSection(SolutionConfigurationPlatforms) = preSolution
		Debug|Any CPU = Debug|Any CPU
		Release|Any CPU = Release|Any CPU
	EndGlobalSection
	GlobalSection(ProjectConfigurationPlatforms) = postSolution
		{DA1E2514-BA85-4F5E-BF93-0D89FB3F14C3}.Debug|Any CPU.ActiveCfg = Debug|Any CPU
		{DA1E2514-BA85-4F5E-BF93-0D89FB3F14C3}.Debug|Any CPU.Build.0 = Debug|Any CPU
		{DA1E2514-BA85-4F5E-BF93-0D89FB3F14C3}.Release|Any CPU.ActiveCfg = Release|Any CPU
		{DA1E2514-BA85-4F5E-BF93-0D89FB3F14C3}.Release|Any CPU.Build.0 = Release|Any CPU
		{862F22DF-7AB3-4D49-9AC8-742D0058E293}.Debug|Any CPU.ActiveCfg = Debug|Any CPU
		{862F22DF-7AB3-4D49-9AC8-742D0058E293}.Debug|Any CPU.Build.0 = Debug|Any CPU
		{862F22DF-7AB3-4D49-9AC8-742D0058E293}.Release|Any CPU.ActiveCfg = Release|Any CPU
		{862F22DF-7AB3-4D49-9AC8-742D0058E293}.Release|Any CPU.Build.0 = Release|Any CPU
		{34CD9C66-8CD9-4026-9DEF-AA324FF00CB9}.Debug|Any CPU.ActiveCfg = Debug|Any CPU
		{34CD9C66-8CD9-4026-9DEF-AA324FF00CB9}.Debug|Any CPU.Build.0 = Debug|Any CPU
		{34CD9C66-8CD9-4026-9DEF-AA324FF00CB9}.Release|Any CPU.ActiveCfg = Release|Any CPU
		{34CD9C66-8CD9-4026-9DEF-AA324FF00CB9}.Release|Any CPU.Build.0 = Release|Any CPU
		{2194062C-1A40-48BA-B177-03971462418C}.Debug|Any CPU.ActiveCfg = Debug|Any CPU
		{2194062C-1A40-48BA-B177-03971462418C}.Debug|Any CPU.Build.0 = Debug|Any CPU
		{2194062C-1A40-48BA-B177-03971462418C}.Release|Any CPU.ActiveCfg = Release|Any CPU
		{2194062C-1A40-48BA-B177-03971462418C}.Release|Any CPU.Build.0 = Release|Any CPU
		{78ADB8EE-D706-48EF-8954-BF459FCCCE59}.Debug|Any CPU.ActiveCfg = Debug|Any CPU
		{78ADB8EE-D706-48EF-8954-BF459FCCCE59}.Debug|Any CPU.Build.0 = Debug|Any CPU
		{78ADB8EE-D706-48EF-8954-BF459FCCCE59}.Release|Any CPU.ActiveCfg = Release|Any CPU
		{78ADB8EE-D706-48EF-8954-BF459FCCCE59}.Release|Any CPU.Build.0 = Release|Any CPU
		{8459C197-3877-4EB8-926F-3346C0A66599}.Debug|Any CPU.ActiveCfg = Debug|Any CPU
		{8459C197-3877-4EB8-926F-3346C0A66599}.Debug|Any CPU.Build.0 = Debug|Any CPU
		{8459C197-3877-4EB8-926F-3346C0A66599}.Release|Any CPU.ActiveCfg = Release|Any CPU
		{8459C197-3877-4EB8-926F-3346C0A66599}.Release|Any CPU.Build.0 = Release|Any CPU
		{2E615F9A-2D0C-4F1F-8657-1F6D9A4D790B}.Debug|Any CPU.ActiveCfg = Debug|Any CPU
		{2E615F9A-2D0C-4F1F-8657-1F6D9A4D790B}.Debug|Any CPU.Build.0 = Debug|Any CPU
		{2E615F9A-2D0C-4F1F-8657-1F6D9A4D790B}.Release|Any CPU.ActiveCfg = Release|Any CPU
		{2E615F9A-2D0C-4F1F-8657-1F6D9A4D790B}.Release|Any CPU.Build.0 = Release|Any CPU
	EndGlobalSection
	GlobalSection(SolutionProperties) = preSolution
		HideSolutionNode = FALSE
	EndGlobalSection
	GlobalSection(NestedProjects) = preSolution
		{862F22DF-7AB3-4D49-9AC8-742D0058E293} = {530937F2-C17F-410D-8C7F-2E2B9945DB68}
		{34CD9C66-8CD9-4026-9DEF-AA324FF00CB9} = {530937F2-C17F-410D-8C7F-2E2B9945DB68}
		{2194062C-1A40-48BA-B177-03971462418C} = {530937F2-C17F-410D-8C7F-2E2B9945DB68}
		{78ADB8EE-D706-48EF-8954-BF459FCCCE59} = {530937F2-C17F-410D-8C7F-2E2B9945DB68}
		{8459C197-3877-4EB8-926F-3346C0A66599} = {530937F2-C17F-410D-8C7F-2E2B9945DB68}
		{2E615F9A-2D0C-4F1F-8657-1F6D9A4D790B} = {530937F2-C17F-410D-8C7F-2E2B9945DB68}
	EndGlobalSection
	GlobalSection(ExtensibilityGlobals) = postSolution
		SolutionGuid = {F1881B86-9D26-4565-8D42-8191C8333A7E}
	EndGlobalSection
EndGlobal
