
Microsoft Visual Studio Solution File, Format Version 12.00
# Visual Studio Version 17
VisualStudioVersion = 17.2.32630.192
MinimumVisualStudioVersion = 10.0.40219.1
Project("{9A19103F-16F7-4668-BE54-9A1E7A4F7556}") = "R5T.F0066", "R5T.F0066\R5T.F0066.csproj", "{DA1E2514-BA85-4F5E-BF93-0D89FB3F14C3}"
EndProject
Global
	GlobalSection(SolutionConfigurationPlatforms) = preSolution
		Debug|Any CPU = Debug|Any CPU
		Release|Any CPU = Release|Any CPU
	EndGlobalSection
	GlobalSection(ProjectConfigurationPlatforms) = postSolution
		{DA1E2514-BA85-4F5E-BF93-0D89FB3F14C3}.Debug|Any CPU.ActiveCfg = Debug|Any CPU
		{DA1E2514-BA85-4F5E-BF93-0D89FB3F14C3}.Debug|Any CPU.Build.0 = Debug|Any CPU
		{DA1E2514-BA85-4F5E-BF93-0D89FB3F14C3}.Release|Any CPU.ActiveCfg = Release|Any CPU
		{DA1E2514-BA85-4F5E-BF93-0D89FB3F14C3}.Release|Any CPU.Build.0 = Release|Any CPU
	EndGlobalSection
	GlobalSection(SolutionProperties) = preSolution
		HideSolutionNode = FALSE
	EndGlobalSection
	GlobalSection(ExtensibilityGlobals) = postSolution
		SolutionGuid = {F1881B86-9D26-4565-8D42-8191C8333A7E}
	EndGlobalSection
EndGlobal
